
Microsoft Visual Studio Solution File, Format Version 12.00
# Visual Studio 15
VisualStudioVersion = 15.0.28307.271
MinimumVisualStudioVersion = 10.0.40219.1
Project("{FAE04EC0-301F-11D3-BF4B-00C04F79EFBC}") = "MyFirstAspNetCoreApplication", "MyFirstAspNetCoreApplication\MyFirstAspNetCoreApplication.csproj", "{9D32A517-F006-418A-AFE4-9DB90D8B5D37}"
EndProject
Global
	GlobalSection(SolutionConfigurationPlatforms) = preSolution
		Debug|Any CPU = Debug|Any CPU
		Release|Any CPU = Release|Any CPU
	EndGlobalSection
	GlobalSection(ProjectConfigurationPlatforms) = postSolution
		{9D32A517-F006-418A-AFE4-9DB90D8B5D37}.Debug|Any CPU.ActiveCfg = Debug|Any CPU
		{9D32A517-F006-418A-AFE4-9DB90D8B5D37}.Debug|Any CPU.Build.0 = Debug|Any CPU
		{9D32A517-F006-418A-AFE4-9DB90D8B5D37}.Release|Any CPU.ActiveCfg = Release|Any CPU
		{9D32A517-F006-418A-AFE4-9DB90D8B5D37}.Release|Any CPU.Build.0 = Release|Any CPU
	EndGlobalSection
	GlobalSection(SolutionProperties) = preSolution
		HideSolutionNode = FALSE
	EndGlobalSection
	GlobalSection(ExtensibilityGlobals) = postSolution
		SolutionGuid = {EC429160-8FD7-42AC-8BCF-53AF1DA2B4B7}
	EndGlobalSection
EndGlobal
